{
  "pins" : [
    {
      "identity" : "arcgis-maps-sdk-swift",
      "kind" : "remoteSourceControl",
      "location" : "https://github.com/esri/arcgis-maps-sdk-swift",
      "state" : {
        "revision" : "6ca1f4737263ef99734db917e18197c24c3a9e20",
        "version" : "200.1.0"
      }
    }
  ],
  "version" : 2
}
