{
  "originHash" : "d26482e3ab505adf5d93e18b81945ce882246f534cc2fc17ee42a9ab922abf15",
  "pins" : [
    {
      "identity" : "arcgis-maps-sdk-swift",
      "kind" : "remoteSourceControl",
      "location" : "https://github.com/esri/arcgis-maps-sdk-swift",
      "state" : {
        "revision" : "f707b267030da50741e3591d522833759ff15227",
        "version" : "200.5.1"
      }
    }
  ],
  "version" : 3
}
